
Microsoft Visual Studio Solution File, Format Version 12.00
# Visual Studio Version 16
VisualStudioVersion = 16.0.28922.388
MinimumVisualStudioVersion = 10.0.40219.1
Project("{9092AA53-FB77-4645-B42D-1CCCA6BD08BD}") = "test", "test\test.njsproj", "{8126FAE8-EC08-4C2D-9B53-B6CED82C9E98}"
EndProject
Global
	GlobalSection(SolutionConfigurationPlatforms) = preSolution
		Debug|Any CPU = Debug|Any CPU
		Release|Any CPU = Release|Any CPU
	EndGlobalSection
	GlobalSection(ProjectConfigurationPlatforms) = postSolution
		{8126FAE8-EC08-4C2D-9B53-B6CED82C9E98}.Debug|Any CPU.ActiveCfg = Debug|Any CPU
		{8126FAE8-EC08-4C2D-9B53-B6CED82C9E98}.Debug|Any CPU.Build.0 = Debug|Any CPU
		{8126FAE8-EC08-4C2D-9B53-B6CED82C9E98}.Release|Any CPU.ActiveCfg = Release|Any CPU
		{8126FAE8-EC08-4C2D-9B53-B6CED82C9E98}.Release|Any CPU.Build.0 = Release|Any CPU
	EndGlobalSection
	GlobalSection(SolutionProperties) = preSolution
		HideSolutionNode = FALSE
	EndGlobalSection
	GlobalSection(ExtensibilityGlobals) = postSolution
		SolutionGuid = {65DE97BF-910F-47E5-A768-57F4C66C6B4D}
	EndGlobalSection
EndGlobal
